
Microsoft Visual Studio Solution File, Format Version 12.00
# Visual Studio Version 17
VisualStudioVersion = 17.11.35327.3
MinimumVisualStudioVersion = 10.0.40219.1
Project("{FAE04EC0-301F-11D3-BF4B-00C04F79EFBC}") = "Min.ExtendKit.Common", "Min.ExtendKit.Common\Min.ExtendKit.Common.csproj", "{1EB7EDE6-1D2D-46F1-BF3D-89614EC521DF}"
EndProject
Global
	GlobalSection(SolutionConfigurationPlatforms) = preSolution
		Debug|Any CPU = Debug|Any CPU
		Release|Any CPU = Release|Any CPU
	EndGlobalSection
	GlobalSection(ProjectConfigurationPlatforms) = postSolution
		{1EB7EDE6-1D2D-46F1-BF3D-89614EC521DF}.Debug|Any CPU.ActiveCfg = Debug|Any CPU
		{1EB7EDE6-1D2D-46F1-BF3D-89614EC521DF}.Debug|Any CPU.Build.0 = Debug|Any CPU
		{1EB7EDE6-1D2D-46F1-BF3D-89614EC521DF}.Release|Any CPU.ActiveCfg = Release|Any CPU
		{1EB7EDE6-1D2D-46F1-BF3D-89614EC521DF}.Release|Any CPU.Build.0 = Release|Any CPU
	EndGlobalSection
	GlobalSection(SolutionProperties) = preSolution
		HideSolutionNode = FALSE
	EndGlobalSection
	GlobalSection(ExtensibilityGlobals) = postSolution
		SolutionGuid = {52D96B7D-12EC-4053-9B9C-6E6F62AC4FF4}
	EndGlobalSection
EndGlobal
