
Microsoft Visual Studio Solution File, Format Version 12.00
# Visual Studio Version 17
VisualStudioVersion = 17.11.35327.3
MinimumVisualStudioVersion = 10.0.40219.1
Project("{9A19103F-16F7-4668-BE54-9A1E7A4F7556}") = "Min.ExtendKit.Common", "Min.ExtendKit.Common\Min.ExtendKit.Common.csproj", "{1EB7EDE6-1D2D-46F1-BF3D-89614EC521DF}"
EndProject
Project("{9A19103F-16F7-4668-BE54-9A1E7A4F7556}") = "Test.WPF", "Test.WPF\Test.WPF.csproj", "{866724EC-3E79-453B-941F-9832E3A35931}"
EndProject
Global
	GlobalSection(SolutionConfigurationPlatforms) = preSolution
		Debug|x64 = Debug|x64
		Debug|x86 = Debug|x86
		Release|x64 = Release|x64
		Release|x86 = Release|x86
	EndGlobalSection
	GlobalSection(ProjectConfigurationPlatforms) = postSolution
		{1EB7EDE6-1D2D-46F1-BF3D-89614EC521DF}.Debug|x64.ActiveCfg = Debug|x64
		{1EB7EDE6-1D2D-46F1-BF3D-89614EC521DF}.Debug|x64.Build.0 = Debug|x64
		{1EB7EDE6-1D2D-46F1-BF3D-89614EC521DF}.Debug|x86.ActiveCfg = Debug|x86
		{1EB7EDE6-1D2D-46F1-BF3D-89614EC521DF}.Debug|x86.Build.0 = Debug|x86
		{1EB7EDE6-1D2D-46F1-BF3D-89614EC521DF}.Release|x64.ActiveCfg = Release|x64
		{1EB7EDE6-1D2D-46F1-BF3D-89614EC521DF}.Release|x64.Build.0 = Release|x64
		{1EB7EDE6-1D2D-46F1-BF3D-89614EC521DF}.Release|x86.ActiveCfg = Release|x86
		{1EB7EDE6-1D2D-46F1-BF3D-89614EC521DF}.Release|x86.Build.0 = Release|x86
		{866724EC-3E79-453B-941F-9832E3A35931}.Debug|x64.ActiveCfg = Debug|x64
		{866724EC-3E79-453B-941F-9832E3A35931}.Debug|x64.Build.0 = Debug|x64
		{866724EC-3E79-453B-941F-9832E3A35931}.Debug|x86.ActiveCfg = Debug|x86
		{866724EC-3E79-453B-941F-9832E3A35931}.Debug|x86.Build.0 = Debug|x86
		{866724EC-3E79-453B-941F-9832E3A35931}.Release|x64.ActiveCfg = Release|x64
		{866724EC-3E79-453B-941F-9832E3A35931}.Release|x86.ActiveCfg = Release|x86
		{866724EC-3E79-453B-941F-9832E3A35931}.Release|x86.Build.0 = Release|x86
	EndGlobalSection
	GlobalSection(SolutionProperties) = preSolution
		HideSolutionNode = FALSE
	EndGlobalSection
	GlobalSection(ExtensibilityGlobals) = postSolution
		SolutionGuid = {52D96B7D-12EC-4053-9B9C-6E6F62AC4FF4}
	EndGlobalSection
EndGlobal
